
Microsoft Visual Studio Solution File, Format Version 12.00
Project("{2150E333-8FDC-42A3-9474-1A3956D46DE8}") = "src", "src", "{1FCD476E-6369-4778-93B5-68AC292A9176}"
EndProject
Project("{2150E333-8FDC-42A3-9474-1A3956D46DE8}") = "tests", "tests", "{3EFA0F9E-57B5-4815-888C-56FEC0D00977}"
EndProject
Project("{FAE04EC0-301F-11D3-BF4B-00C04F79EFBC}") = "Whoof.Api", "src\apps\Whoof.Api\Whoof.Api.csproj", "{66D1D95D-2D58-4068-8194-E0AFA3C76BE0}"
EndProject
Project("{FAE04EC0-301F-11D3-BF4B-00C04F79EFBC}") = "Whoof.Tests", "tests\Whoof.Tests\Whoof.Tests.csproj", "{BED58F9F-20BF-4D94-A529-9DC92594DABF}"
EndProject
Project("{2150E333-8FDC-42A3-9474-1A3956D46DE8}") = "apps", "apps", "{73716B62-8D1F-40F6-95B1-3A0551DE62D2}"
EndProject
Project("{2150E333-8FDC-42A3-9474-1A3956D46DE8}") = "common", "common", "{822DA631-C15E-426E-A22F-638688DE7D48}"
EndProject
Global
	GlobalSection(SolutionConfigurationPlatforms) = preSolution
		Debug|Any CPU = Debug|Any CPU
		Release|Any CPU = Release|Any CPU
	EndGlobalSection
	GlobalSection(NestedProjects) = preSolution
		{BED58F9F-20BF-4D94-A529-9DC92594DABF} = {3EFA0F9E-57B5-4815-888C-56FEC0D00977}
		{73716B62-8D1F-40F6-95B1-3A0551DE62D2} = {1FCD476E-6369-4778-93B5-68AC292A9176}
		{822DA631-C15E-426E-A22F-638688DE7D48} = {1FCD476E-6369-4778-93B5-68AC292A9176}
		{66D1D95D-2D58-4068-8194-E0AFA3C76BE0} = {73716B62-8D1F-40F6-95B1-3A0551DE62D2}
	EndGlobalSection
	GlobalSection(ProjectConfigurationPlatforms) = postSolution
		{66D1D95D-2D58-4068-8194-E0AFA3C76BE0}.Debug|Any CPU.ActiveCfg = Debug|Any CPU
		{66D1D95D-2D58-4068-8194-E0AFA3C76BE0}.Debug|Any CPU.Build.0 = Debug|Any CPU
		{66D1D95D-2D58-4068-8194-E0AFA3C76BE0}.Release|Any CPU.ActiveCfg = Release|Any CPU
		{66D1D95D-2D58-4068-8194-E0AFA3C76BE0}.Release|Any CPU.Build.0 = Release|Any CPU
		{BED58F9F-20BF-4D94-A529-9DC92594DABF}.Debug|Any CPU.ActiveCfg = Debug|Any CPU
		{BED58F9F-20BF-4D94-A529-9DC92594DABF}.Debug|Any CPU.Build.0 = Debug|Any CPU
		{BED58F9F-20BF-4D94-A529-9DC92594DABF}.Release|Any CPU.ActiveCfg = Release|Any CPU
		{BED58F9F-20BF-4D94-A529-9DC92594DABF}.Release|Any CPU.Build.0 = Release|Any CPU
	EndGlobalSection
EndGlobal
