
Microsoft Visual Studio Solution File, Format Version 12.00
Project("{2150E333-8FDC-42A3-9474-1A3956D46DE8}") = "src", "src", "{1FCD476E-6369-4778-93B5-68AC292A9176}"
EndProject
Project("{2150E333-8FDC-42A3-9474-1A3956D46DE8}") = "tests", "tests", "{3EFA0F9E-57B5-4815-888C-56FEC0D00977}"
EndProject
Project("{FAE04EC0-301F-11D3-BF4B-00C04F79EFBC}") = "Whoof.Api", "src\apps\Whoof.Api\Whoof.Api.csproj", "{66D1D95D-2D58-4068-8194-E0AFA3C76BE0}"
EndProject
Project("{FAE04EC0-301F-11D3-BF4B-00C04F79EFBC}") = "Whoof.Tests", "tests\Whoof.Tests\Whoof.Tests.csproj", "{BED58F9F-20BF-4D94-A529-9DC92594DABF}"
EndProject
Project("{2150E333-8FDC-42A3-9474-1A3956D46DE8}") = "apps", "apps", "{73716B62-8D1F-40F6-95B1-3A0551DE62D2}"
EndProject
Project("{2150E333-8FDC-42A3-9474-1A3956D46DE8}") = "common", "common", "{822DA631-C15E-426E-A22F-638688DE7D48}"
EndProject
Project("{FAE04EC0-301F-11D3-BF4B-00C04F79EFBC}") = "Whoof.Domain", "src\common\Whoof.Domain\Whoof.Domain.csproj", "{117DF7A8-D2CE-4748-A7F0-4F59D327197B}"
EndProject
Project("{FAE04EC0-301F-11D3-BF4B-00C04F79EFBC}") = "Whoof.Application", "src\common\Whoof.Application\Whoof.Application.csproj", "{854ABA0A-0EA3-42DF-9EBD-1D37149A0697}"
EndProject
Project("{FAE04EC0-301F-11D3-BF4B-00C04F79EFBC}") = "Whoof.Infrastructure", "src\common\Whoof.Infrastructure\Whoof.Infrastructure.csproj", "{587257FC-44FF-41AD-9554-A1CAF02DE6C4}"
EndProject
Project("{FAE04EC0-301F-11D3-BF4B-00C04F79EFBC}") = "Whoof.Migrations", "src\common\Whoof.Migrations\Whoof.Migrations.csproj", "{EC0B1F15-60A6-484D-8FA4-FABA2F8741F0}"
EndProject
Project("{FAE04EC0-301F-11D3-BF4B-00C04F79EFBC}") = "Whoof.Yarp", "src\apps\Whoof.Yarp\Whoof.Yarp.csproj", "{D6F70246-7DA5-45A9-80BD-5C489AF6388D}"
EndProject
Global
	GlobalSection(SolutionConfigurationPlatforms) = preSolution
		Debug|Any CPU = Debug|Any CPU
		Release|Any CPU = Release|Any CPU
	EndGlobalSection
	GlobalSection(NestedProjects) = preSolution
		{BED58F9F-20BF-4D94-A529-9DC92594DABF} = {3EFA0F9E-57B5-4815-888C-56FEC0D00977}
		{73716B62-8D1F-40F6-95B1-3A0551DE62D2} = {1FCD476E-6369-4778-93B5-68AC292A9176}
		{822DA631-C15E-426E-A22F-638688DE7D48} = {1FCD476E-6369-4778-93B5-68AC292A9176}
		{66D1D95D-2D58-4068-8194-E0AFA3C76BE0} = {73716B62-8D1F-40F6-95B1-3A0551DE62D2}
		{117DF7A8-D2CE-4748-A7F0-4F59D327197B} = {822DA631-C15E-426E-A22F-638688DE7D48}
		{854ABA0A-0EA3-42DF-9EBD-1D37149A0697} = {822DA631-C15E-426E-A22F-638688DE7D48}
		{587257FC-44FF-41AD-9554-A1CAF02DE6C4} = {822DA631-C15E-426E-A22F-638688DE7D48}
		{EC0B1F15-60A6-484D-8FA4-FABA2F8741F0} = {822DA631-C15E-426E-A22F-638688DE7D48}
		{D6F70246-7DA5-45A9-80BD-5C489AF6388D} = {73716B62-8D1F-40F6-95B1-3A0551DE62D2}
	EndGlobalSection
	GlobalSection(ProjectConfigurationPlatforms) = postSolution
		{66D1D95D-2D58-4068-8194-E0AFA3C76BE0}.Debug|Any CPU.ActiveCfg = Debug|Any CPU
		{66D1D95D-2D58-4068-8194-E0AFA3C76BE0}.Debug|Any CPU.Build.0 = Debug|Any CPU
		{66D1D95D-2D58-4068-8194-E0AFA3C76BE0}.Release|Any CPU.ActiveCfg = Release|Any CPU
		{66D1D95D-2D58-4068-8194-E0AFA3C76BE0}.Release|Any CPU.Build.0 = Release|Any CPU
		{BED58F9F-20BF-4D94-A529-9DC92594DABF}.Debug|Any CPU.ActiveCfg = Debug|Any CPU
		{BED58F9F-20BF-4D94-A529-9DC92594DABF}.Debug|Any CPU.Build.0 = Debug|Any CPU
		{BED58F9F-20BF-4D94-A529-9DC92594DABF}.Release|Any CPU.ActiveCfg = Release|Any CPU
		{BED58F9F-20BF-4D94-A529-9DC92594DABF}.Release|Any CPU.Build.0 = Release|Any CPU
		{117DF7A8-D2CE-4748-A7F0-4F59D327197B}.Debug|Any CPU.ActiveCfg = Debug|Any CPU
		{117DF7A8-D2CE-4748-A7F0-4F59D327197B}.Debug|Any CPU.Build.0 = Debug|Any CPU
		{117DF7A8-D2CE-4748-A7F0-4F59D327197B}.Release|Any CPU.ActiveCfg = Release|Any CPU
		{117DF7A8-D2CE-4748-A7F0-4F59D327197B}.Release|Any CPU.Build.0 = Release|Any CPU
		{854ABA0A-0EA3-42DF-9EBD-1D37149A0697}.Debug|Any CPU.ActiveCfg = Debug|Any CPU
		{854ABA0A-0EA3-42DF-9EBD-1D37149A0697}.Debug|Any CPU.Build.0 = Debug|Any CPU
		{854ABA0A-0EA3-42DF-9EBD-1D37149A0697}.Release|Any CPU.ActiveCfg = Release|Any CPU
		{854ABA0A-0EA3-42DF-9EBD-1D37149A0697}.Release|Any CPU.Build.0 = Release|Any CPU
		{587257FC-44FF-41AD-9554-A1CAF02DE6C4}.Debug|Any CPU.ActiveCfg = Debug|Any CPU
		{587257FC-44FF-41AD-9554-A1CAF02DE6C4}.Debug|Any CPU.Build.0 = Debug|Any CPU
		{587257FC-44FF-41AD-9554-A1CAF02DE6C4}.Release|Any CPU.ActiveCfg = Release|Any CPU
		{587257FC-44FF-41AD-9554-A1CAF02DE6C4}.Release|Any CPU.Build.0 = Release|Any CPU
		{EC0B1F15-60A6-484D-8FA4-FABA2F8741F0}.Debug|Any CPU.ActiveCfg = Debug|Any CPU
		{EC0B1F15-60A6-484D-8FA4-FABA2F8741F0}.Debug|Any CPU.Build.0 = Debug|Any CPU
		{EC0B1F15-60A6-484D-8FA4-FABA2F8741F0}.Release|Any CPU.ActiveCfg = Release|Any CPU
		{EC0B1F15-60A6-484D-8FA4-FABA2F8741F0}.Release|Any CPU.Build.0 = Release|Any CPU
		{D6F70246-7DA5-45A9-80BD-5C489AF6388D}.Debug|Any CPU.ActiveCfg = Debug|Any CPU
		{D6F70246-7DA5-45A9-80BD-5C489AF6388D}.Debug|Any CPU.Build.0 = Debug|Any CPU
		{D6F70246-7DA5-45A9-80BD-5C489AF6388D}.Release|Any CPU.ActiveCfg = Release|Any CPU
		{D6F70246-7DA5-45A9-80BD-5C489AF6388D}.Release|Any CPU.Build.0 = Release|Any CPU
	EndGlobalSection
EndGlobal
